Microsoft Visual Studio Solution File, Format Version 12.00
# Visual Studio 2012
Project("{FAE04EC0-301F-11D3-BF4B-00C04F79EFBC}") = "Factory Game", "Factory Game.csproj", "{40CA2173-1E0A-4441-9A5F-3825CB9EE82D}"
EndProject
Global
	GlobalSection(SolutionConfigurationPlatforms) = preSolution
	Debug|Any CPU = Debug|Any CPU
	ExportDebug|Any CPU = ExportDebug|Any CPU
	ExportRelease|Any CPU = ExportRelease|Any CPU
	EndGlobalSection
	GlobalSection(ProjectConfigurationPlatforms) = postSolution
		{40CA2173-1E0A-4441-9A5F-3825CB9EE82D}.Debug|Any CPU.ActiveCfg = Debug|Any CPU
		{40CA2173-1E0A-4441-9A5F-3825CB9EE82D}.Debug|Any CPU.Build.0 = Debug|Any CPU
		{40CA2173-1E0A-4441-9A5F-3825CB9EE82D}.ExportDebug|Any CPU.ActiveCfg = ExportDebug|Any CPU
		{40CA2173-1E0A-4441-9A5F-3825CB9EE82D}.ExportDebug|Any CPU.Build.0 = ExportDebug|Any CPU
		{40CA2173-1E0A-4441-9A5F-3825CB9EE82D}.ExportRelease|Any CPU.ActiveCfg = ExportRelease|Any CPU
		{40CA2173-1E0A-4441-9A5F-3825CB9EE82D}.ExportRelease|Any CPU.Build.0 = ExportRelease|Any CPU
	EndGlobalSection
EndGlobal
